
Microsoft Visual Studio Solution File, Format Version 12.00
# Visual Studio Version 16
VisualStudioVersion = 16.0.30523.141
MinimumVisualStudioVersion = 10.0.40219.1
Project("{FAE04EC0-301F-11D3-BF4B-00C04F79EFBC}") = "ChessServer", "ChessServer\ChessServer.csproj", "{A94D9382-A608-48F1-9839-FF15C3008A5B}"
EndProject
Global
	GlobalSection(SolutionConfigurationPlatforms) = preSolution
		Debug|Any CPU = Debug|Any CPU
		Release|Any CPU = Release|Any CPU
	EndGlobalSection
	GlobalSection(ProjectConfigurationPlatforms) = postSolution
		{A94D9382-A608-48F1-9839-FF15C3008A5B}.Debug|Any CPU.ActiveCfg = Debug|Any CPU
		{A94D9382-A608-48F1-9839-FF15C3008A5B}.Debug|Any CPU.Build.0 = Debug|Any CPU
		{A94D9382-A608-48F1-9839-FF15C3008A5B}.Release|Any CPU.ActiveCfg = Release|Any CPU
		{A94D9382-A608-48F1-9839-FF15C3008A5B}.Release|Any CPU.Build.0 = Release|Any CPU
	EndGlobalSection
	GlobalSection(SolutionProperties) = preSolution
		HideSolutionNode = FALSE
	EndGlobalSection
	GlobalSection(ExtensibilityGlobals) = postSolution
		SolutionGuid = {8204FDCC-8FCC-4A0D-96BD-EE50E60C9F9E}
	EndGlobalSection
EndGlobal
